// !$*UTF8*$!
{
	archiveVersion = 1;
	classes = {
	};
	objectVersion = 77;
	objects = {

/* Begin PBXBuildFile section */
		000000000000000000000020 /* AppIntents.framework in Frameworks */ = {isa = PBXBuildFile; fileRef = 000000000000000000000021 /* AppIntents.framework */; };
		000000000000000000000011 /* PentairIOSApp.swift in Sources */ = {isa = PBXBuildFile; fileRef = 000000000000000000000010 /* PentairIOSApp.swift */; };
		000000000000000000000013 /* ContentView.swift in Sources */ = {isa = PBXBuildFile; fileRef = 000000000000000000000012 /* ContentView.swift */; };
		000000000000000000000015 /* PoolViewModel.swift in Sources */ = {isa = PBXBuildFile; fileRef = 000000000000000000000014 /* PoolViewModel.swift */; };
		000000000000000000000017 /* PoolAPI.swift in Sources */ = {isa = PBXBuildFile; fileRef = 000000000000000000000016 /* PoolAPI.swift */; };
		000000000000000000000019 /* PoolModels.swift in Sources */ = {isa = PBXBuildFile; fileRef = 000000000000000000000018 /* PoolModels.swift */; };
		00000000000000000000001B /* BonjourDiscovery.swift in Sources */ = {isa = PBXBuildFile; fileRef = 00000000000000000000001A /* BonjourDiscovery.swift */; };
		00000000000000000000001D /* Assets.xcassets in Resources */ = {isa = PBXBuildFile; fileRef = 00000000000000000000001C /* Assets.xcassets */; };
		000000000000000000000026 /* GoogleService-Info.plist in Resources */ = {isa = PBXBuildFile; fileRef = 000000000000000000000022 /* GoogleService-Info.plist */; };
		000000000000000000000027 /* NotificationTokenManager.swift in Sources */ = {isa = PBXBuildFile; fileRef = 000000000000000000000023 /* NotificationTokenManager.swift */; };
		000000000000000000000028 /* PoolAppDelegate.swift in Sources */ = {isa = PBXBuildFile; fileRef = 000000000000000000000024 /* PoolAppDelegate.swift */; };
		000000000000000000000029 /* FirebaseCore in Frameworks */ = {isa = PBXBuildFile; productRef = 00000000000000000000002C /* FirebaseCore */; };
		00000000000000000000002A /* FirebaseMessaging in Frameworks */ = {isa = PBXBuildFile; productRef = 00000000000000000000002D /* FirebaseMessaging */; };
/* End PBXBuildFile section */

/* Begin PBXFileReference section */
		000000000000000000000005 /* PentairIOS.app */ = {isa = PBXFileReference; explicitFileType = wrapper.application; includeInIndex = 0; path = PentairIOS.app; sourceTree = BUILT_PRODUCTS_DIR; };
		000000000000000000000021 /* AppIntents.framework */ = {isa = PBXFileReference; lastKnownFileType = wrapper.framework; name = AppIntents.framework; path = System/Library/Frameworks/AppIntents.framework; sourceTree = SDKROOT; };
		000000000000000000000010 /* PentairIOSApp.swift */ = {isa = PBXFileReference; lastKnownFileType = sourcecode.swift; path = PentairIOSApp.swift; sourceTree = "<group>"; };
		000000000000000000000012 /* ContentView.swift */ = {isa = PBXFileReference; lastKnownFileType = sourcecode.swift; path = ContentView.swift; sourceTree = "<group>"; };
		000000000000000000000014 /* PoolViewModel.swift */ = {isa = PBXFileReference; lastKnownFileType = sourcecode.swift; path = PoolViewModel.swift; sourceTree = "<group>"; };
		000000000000000000000016 /* PoolAPI.swift */ = {isa = PBXFileReference; lastKnownFileType = sourcecode.swift; path = PoolAPI.swift; sourceTree = "<group>"; };
		000000000000000000000018 /* PoolModels.swift */ = {isa = PBXFileReference; lastKnownFileType = sourcecode.swift; path = PoolModels.swift; sourceTree = "<group>"; };
		00000000000000000000001A /* BonjourDiscovery.swift */ = {isa = PBXFileReference; lastKnownFileType = sourcecode.swift; path = BonjourDiscovery.swift; sourceTree = "<group>"; };
		00000000000000000000001C /* Assets.xcassets */ = {isa = PBXFileReference; lastKnownFileType = folder.assetcatalog; path = Assets.xcassets; sourceTree = "<group>"; };
		00000000000000000000001E /* Info.plist */ = {isa = PBXFileReference; lastKnownFileType = text.plist.xml; path = Info.plist; sourceTree = "<group>"; };
		000000000000000000000022 /* GoogleService-Info.plist */ = {isa = PBXFileReference; lastKnownFileType = text.plist.xml; path = "GoogleService-Info.plist"; sourceTree = "<group>"; };
		000000000000000000000023 /* NotificationTokenManager.swift */ = {isa = PBXFileReference; lastKnownFileType = sourcecode.swift; path = NotificationTokenManager.swift; sourceTree = "<group>"; };
		000000000000000000000024 /* PoolAppDelegate.swift */ = {isa = PBXFileReference; lastKnownFileType = sourcecode.swift; path = PoolAppDelegate.swift; sourceTree = "<group>"; };
		000000000000000000000025 /* PentairIOS.entitlements */ = {isa = PBXFileReference; lastKnownFileType = text.plist.entitlements; path = PentairIOS.entitlements; sourceTree = "<group>"; };
/* End PBXFileReference section */

/* Begin PBXFrameworksBuildPhase section */
		00000000000000000000000E /* Frameworks */ = {
			isa = PBXFrameworksBuildPhase;
			buildActionMask = 2147483647;
			files = (
				00000000000000000000002A /* FirebaseMessaging in Frameworks */,
				000000000000000000000029 /* FirebaseCore in Frameworks */,
				000000000000000000000020 /* AppIntents.framework in Frameworks */,
			);
			runOnlyForDeploymentPostprocessing = 0;
		};
/* End PBXFrameworksBuildPhase section */

/* Begin PBXGroup section */
		000000000000000000000002 = {
			isa = PBXGroup;
			children = (
				000000000000000000000004 /* PentairIOS */,
				000000000000000000000003 /* Products */,
			);
			sourceTree = "<group>";
		};
		000000000000000000000003 /* Products */ = {
			isa = PBXGroup;
			children = (
				000000000000000000000005 /* PentairIOS.app */,
			);
			name = Products;
			sourceTree = "<group>";
		};
		000000000000000000000004 /* PentairIOS */ = {
			isa = PBXGroup;
			children = (
				000000000000000000000010 /* PentairIOSApp.swift */,
				000000000000000000000012 /* ContentView.swift */,
				000000000000000000000014 /* PoolViewModel.swift */,
				000000000000000000000016 /* PoolAPI.swift */,
				000000000000000000000018 /* PoolModels.swift */,
				00000000000000000000001A /* BonjourDiscovery.swift */,
				000000000000000000000023 /* NotificationTokenManager.swift */,
				000000000000000000000024 /* PoolAppDelegate.swift */,
				00000000000000000000001C /* Assets.xcassets */,
				000000000000000000000022 /* GoogleService-Info.plist */,
				00000000000000000000001E /* Info.plist */,
				000000000000000000000025 /* PentairIOS.entitlements */,
			);
			path = PentairIOS;
			sourceTree = "<group>";
		};
/* End PBXGroup section */

/* Begin PBXNativeTarget section */
		000000000000000000000006 /* PentairIOS */ = {
			isa = PBXNativeTarget;
			buildConfigurationList = 000000000000000000000008 /* Build configuration list for PBXNativeTarget "PentairIOS" */;
			buildPhases = (
				00000000000000000000000D /* Sources */,
				00000000000000000000000E /* Frameworks */,
				00000000000000000000000F /* Resources */,
			);
			buildRules = (
			);
			dependencies = (
			);
			name = PentairIOS;
			packageProductDependencies = (
				00000000000000000000002C /* FirebaseCore */,
				00000000000000000000002D /* FirebaseMessaging */,
			);
			productName = PentairIOS;
			productReference = 000000000000000000000005 /* PentairIOS.app */;
			productType = "com.apple.product-type.application";
		};
/* End PBXNativeTarget section */

/* Begin PBXProject section */
		000000000000000000000001 /* Project object */ = {
			isa = PBXProject;
			attributes = {
				BuildIndependentTargetsInParallel = 1;
				LastSwiftUpdateCheck = 2630;
				LastUpgradeCheck = 2630;
				TargetAttributes = {
					000000000000000000000006 = {
						CreatedOnToolsVersion = 26.3;
						SystemCapabilities = {
							com.apple.Push = {
								enabled = 1;
							};
						};
					};
				};
			};
			buildConfigurationList = 000000000000000000000007 /* Build configuration list for PBXProject "PentairIOS" */;
			developmentRegion = en;
			hasScannedForEncodings = 0;
			knownRegions = (
				en,
				Base,
			);
			mainGroup = 000000000000000000000002;
			minimizedProjectReferenceProxies = 1;
			preferredProjectObjectVersion = 77;
			productRefGroup = 000000000000000000000003 /* Products */;
			projectDirPath = "";
			projectRoot = "";
			packageReferences = (
				00000000000000000000002B /* XCRemoteSwiftPackageReference "firebase-ios-sdk" */,
			);
			targets = (
				000000000000000000000006 /* PentairIOS */,
			);
		};
/* End PBXProject section */

/* Begin PBXResourcesBuildPhase section */
		00000000000000000000000F /* Resources */ = {
			isa = PBXResourcesBuildPhase;
			buildActionMask = 2147483647;
			files = (
				000000000000000000000026 /* GoogleService-Info.plist in Resources */,
				00000000000000000000001D /* Assets.xcassets in Resources */,
			);
			runOnlyForDeploymentPostprocessing = 0;
		};
/* End PBXResourcesBuildPhase section */

/* Begin PBXSourcesBuildPhase section */
		00000000000000000000000D /* Sources */ = {
			isa = PBXSourcesBuildPhase;
			buildActionMask = 2147483647;
			files = (
				000000000000000000000011 /* PentairIOSApp.swift in Sources */,
				000000000000000000000028 /* PoolAppDelegate.swift in Sources */,
				000000000000000000000013 /* ContentView.swift in Sources */,
				000000000000000000000015 /* PoolViewModel.swift in Sources */,
				000000000000000000000017 /* PoolAPI.swift in Sources */,
				000000000000000000000019 /* PoolModels.swift in Sources */,
				000000000000000000000027 /* NotificationTokenManager.swift in Sources */,
				00000000000000000000001B /* BonjourDiscovery.swift in Sources */,
			);
			runOnlyForDeploymentPostprocessing = 0;
		};
/* End PBXSourcesBuildPhase section */

/* Begin XCRemoteSwiftPackageReference section */
		00000000000000000000002B /* XCRemoteSwiftPackageReference "firebase-ios-sdk" */ = {
			isa = XCRemoteSwiftPackageReference;
			repositoryURL = "https://github.com/firebase/firebase-ios-sdk";
			requirement = {
				kind = upToNextMajorVersion;
				minimumVersion = 11.0.0;
			};
		};
/* End XCRemoteSwiftPackageReference section */

/* Begin XCSwiftPackageProductDependency section */
		00000000000000000000002C /* FirebaseCore */ = {
			isa = XCSwiftPackageProductDependency;
			package = 00000000000000000000002B /* XCRemoteSwiftPackageReference "firebase-ios-sdk" */;
			productName = FirebaseCore;
		};
		00000000000000000000002D /* FirebaseMessaging */ = {
			isa = XCSwiftPackageProductDependency;
			package = 00000000000000000000002B /* XCRemoteSwiftPackageReference "firebase-ios-sdk" */;
			productName = FirebaseMessaging;
		};
/* End XCSwiftPackageProductDependency section */

/* Begin XCBuildConfiguration section */
		000000000000000000000009 /* Debug */ = {
			isa = XCBuildConfiguration;
			buildSettings = {
				CODE_SIGN_STYLE = Automatic;
				PRODUCT_NAME = "$(TARGET_NAME)";
				SWIFT_VERSION = 5.0;
			};
			name = Debug;
		};
		00000000000000000000000A /* Release */ = {
			isa = XCBuildConfiguration;
			buildSettings = {
				CODE_SIGN_STYLE = Automatic;
				PRODUCT_NAME = "$(TARGET_NAME)";
				SWIFT_VERSION = 5.0;
			};
			name = Release;
		};
		00000000000000000000000B /* Debug */ = {
			isa = XCBuildConfiguration;
			buildSettings = {
				ASSETCATALOG_COMPILER_APPICON_NAME = AppIcon;
				ASSETCATALOG_COMPILER_GLOBAL_ACCENT_COLOR_NAME = AccentColor;
				APP_SHORTCUTS_ENABLE_FLEXIBLE_MATCHING = NO;
				CLANG_ENABLE_MODULES = YES;
				CODE_SIGN_ENTITLEMENTS = PentairIOS/PentairIOS.entitlements;
				CODE_SIGN_STYLE = Automatic;
				CURRENT_PROJECT_VERSION = 1;
				DEVELOPMENT_TEAM = M8B368H9T5;
				ENABLE_APP_INTENTS_METADATA_GENERATION = NO;
				ENABLE_PREVIEWS = YES;
				GENERATE_INFOPLIST_FILE = NO;
				INFOPLIST_FILE = PentairIOS/Info.plist;
				IPHONEOS_DEPLOYMENT_TARGET = 17.0;
				LD_RUNPATH_SEARCH_PATHS = (
					"$(inherited)",
					"@executable_path/Frameworks",
				);
				MARKETING_VERSION = 0.1;
				PRODUCT_BUNDLE_IDENTIFIER = com.ssilver.pentair.ios;
				PRODUCT_NAME = "$(TARGET_NAME)";
				SDKROOT = iphoneos;
				SUPPORTED_PLATFORMS = "iphoneos iphonesimulator";
				SWIFT_EMIT_LOC_STRINGS = YES;
				SWIFT_VERSION = 5.0;
				TARGETED_DEVICE_FAMILY = "1,2";
			};
			name = Debug;
		};
		00000000000000000000000C /* Release */ = {
			isa = XCBuildConfiguration;
			buildSettings = {
				ASSETCATALOG_COMPILER_APPICON_NAME = AppIcon;
				ASSETCATALOG_COMPILER_GLOBAL_ACCENT_COLOR_NAME = AccentColor;
				APP_SHORTCUTS_ENABLE_FLEXIBLE_MATCHING = NO;
				CLANG_ENABLE_MODULES = YES;
				CODE_SIGN_ENTITLEMENTS = PentairIOS/PentairIOS.entitlements;
				CODE_SIGN_STYLE = Automatic;
				CURRENT_PROJECT_VERSION = 1;
				DEVELOPMENT_TEAM = M8B368H9T5;
				ENABLE_APP_INTENTS_METADATA_GENERATION = NO;
				ENABLE_PREVIEWS = YES;
				GENERATE_INFOPLIST_FILE = NO;
				INFOPLIST_FILE = PentairIOS/Info.plist;
				IPHONEOS_DEPLOYMENT_TARGET = 17.0;
				LD_RUNPATH_SEARCH_PATHS = (
					"$(inherited)",
					"@executable_path/Frameworks",
				);
				MARKETING_VERSION = 0.1;
				PRODUCT_BUNDLE_IDENTIFIER = com.ssilver.pentair.ios;
				PRODUCT_NAME = "$(TARGET_NAME)";
				SDKROOT = iphoneos;
				SUPPORTED_PLATFORMS = "iphoneos iphonesimulator";
				SWIFT_EMIT_LOC_STRINGS = YES;
				SWIFT_VERSION = 5.0;
				TARGETED_DEVICE_FAMILY = "1,2";
			};
			name = Release;
		};
/* End XCBuildConfiguration section */

/* Begin XCConfigurationList section */
		000000000000000000000007 /* Build configuration list for PBXProject "PentairIOS" */ = {
			isa = XCConfigurationList;
			buildConfigurations = (
				000000000000000000000009 /* Debug */,
				00000000000000000000000A /* Release */,
			);
			defaultConfigurationIsVisible = 0;
			defaultConfigurationName = Release;
		};
		000000000000000000000008 /* Build configuration list for PBXNativeTarget "PentairIOS" */ = {
			isa = XCConfigurationList;
			buildConfigurations = (
				00000000000000000000000B /* Debug */,
				00000000000000000000000C /* Release */,
			);
			defaultConfigurationIsVisible = 0;
			defaultConfigurationName = Release;
		};
/* End XCConfigurationList section */
	};
	rootObject = 000000000000000000000001 /* Project object */;
}
